
Microsoft Visual Studio Solution File, Format Version 12.00
# Visual Studio Version 17
VisualStudioVersion = 17.4.33213.308
MinimumVisualStudioVersion = 10.0.40219.1
Project("{FAE04EC0-301F-11D3-BF4B-00C04F79EFBC}") = "datetimepickerornek", "datetimepickerornek\datetimepickerornek.csproj", "{B21B055C-6274-4B53-AD06-A30657EE1DFE}"
EndProject
Global
	GlobalSection(SolutionConfigurationPlatforms) = preSolution
		Debug|Any CPU = Debug|Any CPU
		Release|Any CPU = Release|Any CPU
	EndGlobalSection
	GlobalSection(ProjectConfigurationPlatforms) = postSolution
		{B21B055C-6274-4B53-AD06-A30657EE1DFE}.Debug|Any CPU.ActiveCfg = Debug|Any CPU
		{B21B055C-6274-4B53-AD06-A30657EE1DFE}.Debug|Any CPU.Build.0 = Debug|Any CPU
		{B21B055C-6274-4B53-AD06-A30657EE1DFE}.Release|Any CPU.ActiveCfg = Release|Any CPU
		{B21B055C-6274-4B53-AD06-A30657EE1DFE}.Release|Any CPU.Build.0 = Release|Any CPU
	EndGlobalSection
	GlobalSection(SolutionProperties) = preSolution
		HideSolutionNode = FALSE
	EndGlobalSection
	GlobalSection(ExtensibilityGlobals) = postSolution
		SolutionGuid = {1EA81F08-5B02-4B9A-BE18-C86103CA2199}
	EndGlobalSection
EndGlobal
